// !$*UTF8*$!
{
	archiveVersion = 1;
	classes = {
	};
	objectVersion = 48;
	objects = {

/* Begin PBXBuildFile section */
		FE6E562A206D2F4C0058D397 /* AppDelegate.swift in Sources */ = {isa = PBXBuildFile; fileRef = FE6E5629206D2F4C0058D397 /* AppDelegate.swift */; };
		FE6E562C206D2F4C0058D397 /* ViewController.swift in Sources */ = {isa = PBXBuildFile; fileRef = FE6E562B206D2F4C0058D397 /* ViewController.swift */; };
		FE6E5631206D2F4D0058D397 /* Assets.xcassets in Resources */ = {isa = PBXBuildFile; fileRef = FE6E5630206D2F4D0058D397 /* Assets.xcassets */; };
		FE6E5634206D2F4D0058D397 /* LaunchScreen.storyboard in Resources */ = {isa = PBXBuildFile; fileRef = FE6E5632206D2F4D0058D397 /* LaunchScreen.storyboard */; };
		FE90A0AB206E48FF00A6E7B0 /* CustomCell.swift in Sources */ = {isa = PBXBuildFile; fileRef = FE90A0AA206E48FF00A6E7B0 /* CustomCell.swift */; };
		FE90A0AD206E8B2000A6E7B0 /* ScrollView.swift in Sources */ = {isa = PBXBuildFile; fileRef = FE90A0AC206E8B2000A6E7B0 /* ScrollView.swift */; };
/* End PBXBuildFile section */

/* Begin PBXFileReference section */
		FE6E5626206D2F4C0058D397 /* d03.app */ = {isa = PBXFileReference; explicitFileType = wrapper.application; includeInIndex = 0; path = d03.app; sourceTree = BUILT_PRODUCTS_DIR; };
		FE6E5629206D2F4C0058D397 /* AppDelegate.swift */ = {isa = PBXFileReference; lastKnownFileType = sourcecode.swift; path = AppDelegate.swift; sourceTree = "<group>"; };
		FE6E562B206D2F4C0058D397 /* ViewController.swift */ = {isa = PBXFileReference; lastKnownFileType = sourcecode.swift; path = ViewController.swift; sourceTree = "<group>"; };
		FE6E5630206D2F4D0058D397 /* Assets.xcassets */ = {isa = PBXFileReference; lastKnownFileType = folder.assetcatalog; path = Assets.xcassets; sourceTree = "<group>"; };
		FE6E5633206D2F4D0058D397 /* Base */ = {isa = PBXFileReference; lastKnownFileType = file.storyboard; name = Base; path = Base.lproj/LaunchScreen.storyboard; sourceTree = "<group>"; };
		FE6E5635206D2F4D0058D397 /* Info.plist */ = {isa = PBXFileReference; lastKnownFileType = text.plist.xml; path = Info.plist; sourceTree = "<group>"; };
		FE90A0AA206E48FF00A6E7B0 /* CustomCell.swift */ = {isa = PBXFileReference; lastKnownFileType = sourcecode.swift; path = CustomCell.swift; sourceTree = "<group>"; };
		FE90A0AC206E8B2000A6E7B0 /* ScrollView.swift */ = {isa = PBXFileReference; lastKnownFileType = sourcecode.swift; path = ScrollView.swift; sourceTree = "<group>"; };
/* End PBXFileReference section */

/* Begin PBXFrameworksBuildPhase section */
		FE6E5623206D2F4C0058D397 /* Frameworks */ = {
			isa = PBXFrameworksBuildPhase;
			buildActionMask = 2147483647;
			files = (
			);
			runOnlyForDeploymentPostprocessing = 0;
		};
/* End PBXFrameworksBuildPhase section */

/* Begin PBXGroup section */
		FE6E561D206D2F4C0058D397 = {
			isa = PBXGroup;
			children = (
				FE6E5628206D2F4C0058D397 /* d03 */,
				FE6E5627206D2F4C0058D397 /* Products */,
			);
			sourceTree = "<group>";
		};
		FE6E5627206D2F4C0058D397 /* Products */ = {
			isa = PBXGroup;
			children = (
				FE6E5626206D2F4C0058D397 /* d03.app */,
			);
			name = Products;
			sourceTree = "<group>";
		};
		FE6E5628206D2F4C0058D397 /* d03 */ = {
			isa = PBXGroup;
			children = (
				FE6E5629206D2F4C0058D397 /* AppDelegate.swift */,
				FE6E562B206D2F4C0058D397 /* ViewController.swift */,
				FE90A0AA206E48FF00A6E7B0 /* CustomCell.swift */,
				FE90A0AC206E8B2000A6E7B0 /* ScrollView.swift */,
				FE6E5630206D2F4D0058D397 /* Assets.xcassets */,
				FE6E5632206D2F4D0058D397 /* LaunchScreen.storyboard */,
				FE6E5635206D2F4D0058D397 /* Info.plist */,
			);
			path = d03;
			sourceTree = "<group>";
		};
/* End PBXGroup section */

/* Begin PBXNativeTarget section */
		FE6E5625206D2F4C0058D397 /* d03 */ = {
			isa = PBXNativeTarget;
			buildConfigurationList = FE6E5638206D2F4D0058D397 /* Build configuration list for PBXNativeTarget "d03" */;
			buildPhases = (
				FE6E5622206D2F4C0058D397 /* Sources */,
				FE6E5623206D2F4C0058D397 /* Frameworks */,
				FE6E5624206D2F4C0058D397 /* Resources */,
			);
			buildRules = (
			);
			dependencies = (
			);
			name = d03;
			productName = d03;
			productReference = FE6E5626206D2F4C0058D397 /* d03.app */;
			productType = "com.apple.product-type.application";
		};
/* End PBXNativeTarget section */

/* Begin PBXProject section */
		FE6E561E206D2F4C0058D397 /* Project object */ = {
			isa = PBXProject;
			attributes = {
				LastSwiftUpdateCheck = 0920;
				LastUpgradeCheck = 0920;
				ORGANIZATIONNAME = "Suliac LE-GUILLOU";
				TargetAttributes = {
					FE6E5625206D2F4C0058D397 = {
						CreatedOnToolsVersion = 9.2;
						ProvisioningStyle = Automatic;
					};
				};
			};
			buildConfigurationList = FE6E5621206D2F4C0058D397 /* Build configuration list for PBXProject "d03" */;
			compatibilityVersion = "Xcode 8.0";
			developmentRegion = en;
			hasScannedForEncodings = 0;
			knownRegions = (
				en,
				Base,
			);
			mainGroup = FE6E561D206D2F4C0058D397;
			productRefGroup = FE6E5627206D2F4C0058D397 /* Products */;
			projectDirPath = "";
			projectRoot = "";
			targets = (
				FE6E5625206D2F4C0058D397 /* d03 */,
			);
		};
/* End PBXProject section */

/* Begin PBXResourcesBuildPhase section */
		FE6E5624206D2F4C0058D397 /* Resources */ = {
			isa = PBXResourcesBuildPhase;
			buildActionMask = 2147483647;
			files = (
				FE6E5634206D2F4D0058D397 /* LaunchScreen.storyboard in Resources */,
				FE6E5631206D2F4D0058D397 /* Assets.xcassets in Resources */,
			);
			runOnlyForDeploymentPostprocessing = 0;
		};
/* End PBXResourcesBuildPhase section */

/* Begin PBXSourcesBuildPhase section */
		FE6E5622206D2F4C0058D397 /* Sources */ = {
			isa = PBXSourcesBuildPhase;
			buildActionMask = 2147483647;
			files = (
				FE6E562C206D2F4C0058D397 /* ViewController.swift in Sources */,
				FE90A0AD206E8B2000A6E7B0 /* ScrollView.swift in Sources */,
				FE90A0AB206E48FF00A6E7B0 /* CustomCell.swift in Sources */,
				FE6E562A206D2F4C0058D397 /* AppDelegate.swift in Sources */,
			);
			runOnlyForDeploymentPostprocessing = 0;
		};
/* End PBXSourcesBuildPhase section */

/* Begin PBXVariantGroup section */
		FE6E5632206D2F4D0058D397 /* LaunchScreen.storyboard */ = {
			isa = PBXVariantGroup;
			children = (
				FE6E5633206D2F4D0058D397 /* Base */,
			);
			name = LaunchScreen.storyboard;
			sourceTree = "<group>";
		};
/* End PBXVariantGroup section */

/* Begin XCBuildConfiguration section */
		FE6E5636206D2F4D0058D397 /* Debug */ = {
			isa = XCBuildConfiguration;
			buildSettings = {
				ALWAYS_SEARCH_USER_PATHS = NO;
				CLANG_ANALYZER_NONNULL = YES;
				CLANG_ANALYZER_NUMBER_OBJECT_CONVERSION = YES_AGGRESSIVE;
				CLANG_CXX_LANGUAGE_STANDARD = "gnu++14";
				CLANG_CXX_LIBRARY = "libc++";
				CLANG_ENABLE_MODULES = YES;
				CLANG_ENABLE_OBJC_ARC = YES;
				CLANG_WARN_BLOCK_CAPTURE_AUTORELEASING = YES;
				CLANG_WARN_BOOL_CONVERSION = YES;
				CLANG_WARN_COMMA = YES;
				CLANG_WARN_CONSTANT_CONVERSION = YES;
				CLANG_WARN_DIRECT_OBJC_ISA_USAGE = YES_ERROR;
				CLANG_WARN_DOCUMENTATION_COMMENTS = YES;
				CLANG_WARN_EMPTY_BODY = YES;
				CLANG_WARN_ENUM_CONVERSION = YES;
				CLANG_WARN_INFINITE_RECURSION = YES;
				CLANG_WARN_INT_CONVERSION = YES;
				CLANG_WARN_NON_LITERAL_NULL_CONVERSION = YES;
				CLANG_WARN_OBJC_LITERAL_CONVERSION = YES;
				CLANG_WARN_OBJC_ROOT_CLASS = YES_ERROR;
				CLANG_WARN_RANGE_LOOP_ANALYSIS = YES;
				CLANG_WARN_STRICT_PROTOTYPES = YES;
				CLANG_WARN_SUSPICIOUS_MOVE = YES;
				CLANG_WARN_UNGUARDED_AVAILABILITY = YES_AGGRESSIVE;
				CLANG_WARN_UNREACHABLE_CODE = YES;
				CLANG_WARN__DUPLICATE_METHOD_MATCH = YES;
				CODE_SIGN_IDENTITY = "iPhone Developer";
				COPY_PHASE_STRIP = NO;
				DEBUG_INFORMATION_FORMAT = dwarf;
				ENABLE_STRICT_OBJC_MSGSEND = YES;
				ENABLE_TESTABILITY = YES;
				GCC_C_LANGUAGE_STANDARD = gnu11;
				GCC_DYNAMIC_NO_PIC = NO;
				GCC_NO_COMMON_BLOCKS = YES;
				GCC_OPTIMIZATION_LEVEL = 0;
				GCC_PREPROCESSOR_DEFINITIONS = (
					"DEBUG=1",
					"$(inherited)",
				);
				GCC_WARN_64_TO_32_BIT_CONVERSION = YES;
				GCC_WARN_ABOUT_RETURN_TYPE = YES_ERROR;
				GCC_WARN_UNDECLARED_SELECTOR = YES;
				GCC_WARN_UNINITIALIZED_AUTOS = YES_AGGRESSIVE;
				GCC_WARN_UNUSED_FUNCTION = YES;
				GCC_WARN_UNUSED_VARIABLE = YES;
				IPHONEOS_DEPLOYMENT_TARGET = 11.2;
				MTL_ENABLE_DEBUG_INFO = YES;
				ONLY_ACTIVE_ARCH = YES;
				SDKROOT = iphoneos;
				SWIFT_ACTIVE_COMPILATION_CONDITIONS = DEBUG;
				SWIFT_OPTIMIZATION_LEVEL = "-Onone";
			};
			name = Debug;
		};
		FE6E5637206D2F4D0058D397 /* Release */ = {
			isa = XCBuildConfiguration;
			buildSettings = {
				ALWAYS_SEARCH_USER_PATHS = NO;
				CLANG_ANALYZER_NONNULL = YES;
				CLANG_ANALYZER_NUMBER_OBJECT_CONVERSION = YES_AGGRESSIVE;
				CLANG_CXX_LANGUAGE_STANDARD = "gnu++14";
				CLANG_CXX_LIBRARY = "libc++";
				CLANG_ENABLE_MODULES = YES;
				CLANG_ENABLE_OBJC_ARC = YES;
				CLANG_WARN_BLOCK_CAPTURE_AUTORELEASING = YES;
				CLANG_WARN_BOOL_CONVERSION = YES;
				CLANG_WARN_COMMA = YES;
				CLANG_WARN_CONSTANT_CONVERSION = YES;
				CLANG_WARN_DIRECT_OBJC_ISA_USAGE = YES_ERROR;
				CLANG_WARN_DOCUMENTATION_COMMENTS = YES;
				CLANG_WARN_EMPTY_BODY = YES;
				CLANG_WARN_ENUM_CONVERSION = YES;
				CLANG_WARN_INFINITE_RECURSION = YES;
				CLANG_WARN_INT_CONVERSION = YES;
				CLANG_WARN_NON_LITERAL_NULL_CONVERSION = YES;
				CLANG_WARN_OBJC_LITERAL_CONVERSION = YES;
				CLANG_WARN_OBJC_ROOT_CLASS = YES_ERROR;
				CLANG_WARN_RANGE_LOOP_ANALYSIS = YES;
				CLANG_WARN_STRICT_PROTOTYPES = YES;
				CLANG_WARN_SUSPICIOUS_MOVE = YES;
				CLANG_WARN_UNGUARDED_AVAILABILITY = YES_AGGRESSIVE;
				CLANG_WARN_UNREACHABLE_CODE = YES;
				CLANG_WARN__DUPLICATE_METHOD_MATCH = YES;
				CODE_SIGN_IDENTITY = "iPhone Developer";
				COPY_PHASE_STRIP = NO;
				DEBUG_INFORMATION_FORMAT = "dwarf-with-dsym";
				ENABLE_NS_ASSERTIONS = NO;
				ENABLE_STRICT_OBJC_MSGSEND = YES;
				GCC_C_LANGUAGE_STANDARD = gnu11;
				GCC_NO_COMMON_BLOCKS = YES;
				GCC_WARN_64_TO_32_BIT_CONVERSION = YES;
				GCC_WARN_ABOUT_RETURN_TYPE = YES_ERROR;
				GCC_WARN_UNDECLARED_SELECTOR = YES;
				GCC_WARN_UNINITIALIZED_AUTOS = YES_AGGRESSIVE;
				GCC_WARN_UNUSED_FUNCTION = YES;
				GCC_WARN_UNUSED_VARIABLE = YES;
				IPHONEOS_DEPLOYMENT_TARGET = 11.2;
				MTL_ENABLE_DEBUG_INFO = NO;
				SDKROOT = iphoneos;
				SWIFT_OPTIMIZATION_LEVEL = "-Owholemodule";
				VALIDATE_PRODUCT = YES;
			};
			name = Release;
		};
		FE6E5639206D2F4D0058D397 /* Debug */ = {
			isa = XCBuildConfiguration;
			buildSettings = {
				ASSETCATALOG_COMPILER_APPICON_NAME = AppIcon;
				CODE_SIGN_STYLE = Automatic;
				INFOPLIST_FILE = d03/Info.plist;
				LD_RUNPATH_SEARCH_PATHS = "$(inherited) @executable_path/Frameworks";
				PRODUCT_BUNDLE_IDENTIFIER = "-2.d03";
				PRODUCT_NAME = "$(TARGET_NAME)";
				SWIFT_VERSION = 4.0;
				TARGETED_DEVICE_FAMILY = "1,2";
			};
			name = Debug;
		};
		FE6E563A206D2F4D0058D397 /* Release */ = {
			isa = XCBuildConfiguration;
			buildSettings = {
				ASSETCATALOG_COMPILER_APPICON_NAME = AppIcon;
				CODE_SIGN_STYLE = Automatic;
				INFOPLIST_FILE = d03/Info.plist;
				LD_RUNPATH_SEARCH_PATHS = "$(inherited) @executable_path/Frameworks";
				PRODUCT_BUNDLE_IDENTIFIER = "-2.d03";
				PRODUCT_NAME = "$(TARGET_NAME)";
				SWIFT_VERSION = 4.0;
				TARGETED_DEVICE_FAMILY = "1,2";
			};
			name = Release;
		};
/* End XCBuildConfiguration section */

/* Begin XCConfigurationList section */
		FE6E5621206D2F4C0058D397 /* Build configuration list for PBXProject "d03" */ = {
			isa = XCConfigurationList;
			buildConfigurations = (
				FE6E5636206D2F4D0058D397 /* Debug */,
				FE6E5637206D2F4D0058D397 /* Release */,
			);
			defaultConfigurationIsVisible = 0;
			defaultConfigurationName = Release;
		};
		FE6E5638206D2F4D0058D397 /* Build configuration list for PBXNativeTarget "d03" */ = {
			isa = XCConfigurationList;
			buildConfigurations = (
				FE6E5639206D2F4D0058D397 /* Debug */,
				FE6E563A206D2F4D0058D397 /* Release */,
			);
			defaultConfigurationIsVisible = 0;
			defaultConfigurationName = Release;
		};
/* End XCConfigurationList section */
	};
	rootObject = FE6E561E206D2F4C0058D397 /* Project object */;
}
